
Microsoft Visual Studio Solution File, Format Version 12.00
# Visual Studio Version 16
VisualStudioVersion = 16.0.30804.86
MinimumVisualStudioVersion = 10.0.40219.1
Project("{FAE04EC0-301F-11D3-BF4B-00C04F79EFBC}") = "VentasProyecto", "VentasProyecto\VentasProyecto.csproj", "{88682038-04C3-41D9-93B7-AF2E28B9F6A6}"
EndProject
Global
	GlobalSection(SolutionConfigurationPlatforms) = preSolution
		Debug|Any CPU = Debug|Any CPU
		Release|Any CPU = Release|Any CPU
	EndGlobalSection
	GlobalSection(ProjectConfigurationPlatforms) = postSolution
		{88682038-04C3-41D9-93B7-AF2E28B9F6A6}.Debug|Any CPU.ActiveCfg = Debug|Any CPU
		{88682038-04C3-41D9-93B7-AF2E28B9F6A6}.Debug|Any CPU.Build.0 = Debug|Any CPU
		{88682038-04C3-41D9-93B7-AF2E28B9F6A6}.Release|Any CPU.ActiveCfg = Release|Any CPU
		{88682038-04C3-41D9-93B7-AF2E28B9F6A6}.Release|Any CPU.Build.0 = Release|Any CPU
	EndGlobalSection
	GlobalSection(SolutionProperties) = preSolution
		HideSolutionNode = FALSE
	EndGlobalSection
	GlobalSection(ExtensibilityGlobals) = postSolution
		SolutionGuid = {642659C7-536C-48A3-8043-AAEE06868F3C}
	EndGlobalSection
EndGlobal
